{
  "requires": true,
  "lockfileVersion": 1,
  "dependencies": {
    "lamejs": {
      "version": "1.2.0",
      "resolved": "https://registry.npmjs.org/lamejs/-/lamejs-1.2.0.tgz",
      "integrity": "sha1-Aln4PbRmYUGntnG4yqY2nZUXfQg=",
      "requires": {
        "use-strict": "1.0.1"
      }
    },
    "mic-recorder-to-mp3": {
      "version": "2.2.1",
      "resolved": "https://registry.npmjs.org/mic-recorder-to-mp3/-/mic-recorder-to-mp3-2.2.1.tgz",
      "integrity": "sha512-xlivxbGUjIr6DBCCJQeB1IeNuwDea+sVYi+zH38pedtKc011a/EG+nd6ykjc/O7vtWuVtPiGwixIdJfsYrN8JQ==",
      "requires": {
        "lamejs": "^1.2.0"
      }
    },
    "use-strict": {
      "version": "1.0.1",
      "resolved": "https://registry.npmjs.org/use-strict/-/use-strict-1.0.1.tgz",
      "integrity": "sha1-C7gNlPSaSgUZK4Sox9NOlfGn46A="
    }
  }
}
